// !$*UTF8*$!
{
	archiveVersion = 1;
	classes = {
	};
	objectVersion = 46;
	objects = {

/* Begin PBXBuildFile section */
		DE5FECBB1F4D6FC200F0E882 /* main.m in Sources */ = {isa = PBXBuildFile; fileRef = DE5FECBA1F4D6FC200F0E882 /* main.m */; };
		DE5FECBE1F4D6FC200F0E882 /* AppDelegate.m in Sources */ = {isa = PBXBuildFile; fileRef = DE5FECBD1F4D6FC200F0E882 /* AppDelegate.m */; };
		DE5FECC11F4D6FC200F0E882 /* ViewController.m in Sources */ = {isa = PBXBuildFile; fileRef = DE5FECC01F4D6FC200F0E882 /* ViewController.m */; };
		DE5FECC41F4D6FC200F0E882 /* Main.storyboard in Resources */ = {isa = PBXBuildFile; fileRef = DE5FECC21F4D6FC200F0E882 /* Main.storyboard */; };
		DE5FECC71F4D6FC200F0E882 /* UIViewFrame_Extension.xcdatamodeld in Sources */ = {isa = PBXBuildFile; fileRef = DE5FECC51F4D6FC200F0E882 /* UIViewFrame_Extension.xcdatamodeld */; };
		DE5FECC91F4D6FC200F0E882 /* Assets.xcassets in Resources */ = {isa = PBXBuildFile; fileRef = DE5FECC81F4D6FC200F0E882 /* Assets.xcassets */; };
		DE5FECCC1F4D6FC200F0E882 /* LaunchScreen.storyboard in Resources */ = {isa = PBXBuildFile; fileRef = DE5FECCA1F4D6FC200F0E882 /* LaunchScreen.storyboard */; };
		DE5FECD71F4D6FC300F0E882 /* UIViewFrame_ExtensionTests.m in Sources */ = {isa = PBXBuildFile; fileRef = DE5FECD61F4D6FC300F0E882 /* UIViewFrame_ExtensionTests.m */; };
		DE5FECE21F4D6FC300F0E882 /* UIViewFrame_ExtensionUITests.m in Sources */ = {isa = PBXBuildFile; fileRef = DE5FECE11F4D6FC300F0E882 /* UIViewFrame_ExtensionUITests.m */; };
		DE5FECF11F4D701000F0E882 /* UIView+YRExtension.m in Sources */ = {isa = PBXBuildFile; fileRef = DE5FECF01F4D701000F0E882 /* UIView+YRExtension.m */; };
/* End PBXBuildFile section */

/* Begin PBXContainerItemProxy section */
		DE5FECD31F4D6FC300F0E882 /* PBXContainerItemProxy */ = {
			isa = PBXContainerItemProxy;
			containerPortal = DE5FECAE1F4D6FC200F0E882 /* Project object */;
			proxyType = 1;
			remoteGlobalIDString = DE5FECB51F4D6FC200F0E882;
			remoteInfo = "UIViewFrame+Extension";
		};
		DE5FECDE1F4D6FC300F0E882 /* PBXContainerItemProxy */ = {
			isa = PBXContainerItemProxy;
			containerPortal = DE5FECAE1F4D6FC200F0E882 /* Project object */;
			proxyType = 1;
			remoteGlobalIDString = DE5FECB51F4D6FC200F0E882;
			remoteInfo = "UIViewFrame+Extension";
		};
/* End PBXContainerItemProxy section */

/* Begin PBXFileReference section */
		DE5FECB61F4D6FC200F0E882 /* UIViewFrame+Extension.app */ = {isa = PBXFileReference; explicitFileType = wrapper.application; includeInIndex = 0; path = "UIViewFrame+Extension.app"; sourceTree = BUILT_PRODUCTS_DIR; };
		DE5FECBA1F4D6FC200F0E882 /* main.m */ = {isa = PBXFileReference; lastKnownFileType = sourcecode.c.objc; path = main.m; sourceTree = "<group>"; };
		DE5FECBC1F4D6FC200F0E882 /* AppDelegate.h */ = {isa = PBXFileReference; lastKnownFileType = sourcecode.c.h; path = AppDelegate.h; sourceTree = "<group>"; };
		DE5FECBD1F4D6FC200F0E882 /* AppDelegate.m */ = {isa = PBXFileReference; lastKnownFileType = sourcecode.c.objc; path = AppDelegate.m; sourceTree = "<group>"; };
		DE5FECBF1F4D6FC200F0E882 /* ViewController.h */ = {isa = PBXFileReference; lastKnownFileType = sourcecode.c.h; path = ViewController.h; sourceTree = "<group>"; };
		DE5FECC01F4D6FC200F0E882 /* ViewController.m */ = {isa = PBXFileReference; lastKnownFileType = sourcecode.c.objc; path = ViewController.m; sourceTree = "<group>"; };
		DE5FECC31F4D6FC200F0E882 /* Base */ = {isa = PBXFileReference; lastKnownFileType = file.storyboard; name = Base; path = Base.lproj/Main.storyboard; sourceTree = "<group>"; };
		DE5FECC61F4D6FC200F0E882 /* UIViewFrame_Extension.xcdatamodel */ = {isa = PBXFileReference; lastKnownFileType = wrapper.xcdatamodel; path = UIViewFrame_Extension.xcdatamodel; sourceTree = "<group>"; };
		DE5FECC81F4D6FC200F0E882 /* Assets.xcassets */ = {isa = PBXFileReference; lastKnownFileType = folder.assetcatalog; path = Assets.xcassets; sourceTree = "<group>"; };
		DE5FECCB1F4D6FC200F0E882 /* Base */ = {isa = PBXFileReference; lastKnownFileType = file.storyboard; name = Base; path = Base.lproj/LaunchScreen.storyboard; sourceTree = "<group>"; };
		DE5FECCD1F4D6FC200F0E882 /* Info.plist */ = {isa = PBXFileReference; lastKnownFileType = text.plist.xml; path = Info.plist; sourceTree = "<group>"; };
		DE5FECD21F4D6FC300F0E882 /* UIViewFrame+ExtensionTests.xctest */ = {isa = PBXFileReference; explicitFileType = wrapper.cfbundle; includeInIndex = 0; path = "UIViewFrame+ExtensionTests.xctest"; sourceTree = BUILT_PRODUCTS_DIR; };
		DE5FECD61F4D6FC300F0E882 /* UIViewFrame_ExtensionTests.m */ = {isa = PBXFileReference; lastKnownFileType = sourcecode.c.objc; path = UIViewFrame_ExtensionTests.m; sourceTree = "<group>"; };
		DE5FECD81F4D6FC300F0E882 /* Info.plist */ = {isa = PBXFileReference; lastKnownFileType = text.plist.xml; path = Info.plist; sourceTree = "<group>"; };
		DE5FECDD1F4D6FC300F0E882 /* UIViewFrame+ExtensionUITests.xctest */ = {isa = PBXFileReference; explicitFileType = wrapper.cfbundle; includeInIndex = 0; path = "UIViewFrame+ExtensionUITests.xctest"; sourceTree = BUILT_PRODUCTS_DIR; };
		DE5FECE11F4D6FC300F0E882 /* UIViewFrame_ExtensionUITests.m */ = {isa = PBXFileReference; lastKnownFileType = sourcecode.c.objc; path = UIViewFrame_ExtensionUITests.m; sourceTree = "<group>"; };
		DE5FECE31F4D6FC300F0E882 /* Info.plist */ = {isa = PBXFileReference; lastKnownFileType = text.plist.xml; path = Info.plist; sourceTree = "<group>"; };
		DE5FECEF1F4D701000F0E882 /* UIView+YRExtension.h */ = {isa = PBXFileReference; fileEncoding = 4; lastKnownFileType = sourcecode.c.h; path = "UIView+YRExtension.h"; sourceTree = "<group>"; };
		DE5FECF01F4D701000F0E882 /* UIView+YRExtension.m */ = {isa = PBXFileReference; fileEncoding = 4; lastKnownFileType = sourcecode.c.objc; path = "UIView+YRExtension.m"; sourceTree = "<group>"; };
/* End PBXFileReference section */

/* Begin PBXFrameworksBuildPhase section */
		DE5FECB31F4D6FC200F0E882 /* Frameworks */ = {
			isa = PBXFrameworksBuildPhase;
			buildActionMask = 2147483647;
			files = (
			);
			runOnlyForDeploymentPostprocessing = 0;
		};
		DE5FECCF1F4D6FC300F0E882 /* Frameworks */ = {
			isa = PBXFrameworksBuildPhase;
			buildActionMask = 2147483647;
			files = (
			);
			runOnlyForDeploymentPostprocessing = 0;
		};
		DE5FECDA1F4D6FC300F0E882 /* Frameworks */ = {
			isa = PBXFrameworksBuildPhase;
			buildActionMask = 2147483647;
			files = (
			);
			runOnlyForDeploymentPostprocessing = 0;
		};
/* End PBXFrameworksBuildPhase section */

/* Begin PBXGroup section */
		DE5FECAD1F4D6FC200F0E882 = {
			isa = PBXGroup;
			children = (
				DE5FECB81F4D6FC200F0E882 /* UIViewFrame+Extension */,
				DE5FECD51F4D6FC300F0E882 /* UIViewFrame+ExtensionTests */,
				DE5FECE01F4D6FC300F0E882 /* UIViewFrame+ExtensionUITests */,
				DE5FECB71F4D6FC200F0E882 /* Products */,
			);
			sourceTree = "<group>";
		};
		DE5FECB71F4D6FC200F0E882 /* Products */ = {
			isa = PBXGroup;
			children = (
				DE5FECB61F4D6FC200F0E882 /* UIViewFrame+Extension.app */,
				DE5FECD21F4D6FC300F0E882 /* UIViewFrame+ExtensionTests.xctest */,
				DE5FECDD1F4D6FC300F0E882 /* UIViewFrame+ExtensionUITests.xctest */,
			);
			name = Products;
			sourceTree = "<group>";
		};
		DE5FECB81F4D6FC200F0E882 /* UIViewFrame+Extension */ = {
			isa = PBXGroup;
			children = (
				DE5FECBC1F4D6FC200F0E882 /* AppDelegate.h */,
				DE5FECBD1F4D6FC200F0E882 /* AppDelegate.m */,
				DE5FECBF1F4D6FC200F0E882 /* ViewController.h */,
				DE5FECC01F4D6FC200F0E882 /* ViewController.m */,
				DE5FECEF1F4D701000F0E882 /* UIView+YRExtension.h */,
				DE5FECF01F4D701000F0E882 /* UIView+YRExtension.m */,
				DE5FECC21F4D6FC200F0E882 /* Main.storyboard */,
				DE5FECC81F4D6FC200F0E882 /* Assets.xcassets */,
				DE5FECCA1F4D6FC200F0E882 /* LaunchScreen.storyboard */,
				DE5FECCD1F4D6FC200F0E882 /* Info.plist */,
				DE5FECC51F4D6FC200F0E882 /* UIViewFrame_Extension.xcdatamodeld */,
				DE5FECB91F4D6FC200F0E882 /* Supporting Files */,
			);
			path = "UIViewFrame+Extension";
			sourceTree = "<group>";
		};
		DE5FECB91F4D6FC200F0E882 /* Supporting Files */ = {
			isa = PBXGroup;
			children = (
				DE5FECBA1F4D6FC200F0E882 /* main.m */,
			);
			name = "Supporting Files";
			sourceTree = "<group>";
		};
		DE5FECD51F4D6FC300F0E882 /* UIViewFrame+ExtensionTests */ = {
			isa = PBXGroup;
			children = (
				DE5FECD61F4D6FC300F0E882 /* UIViewFrame_ExtensionTests.m */,
				DE5FECD81F4D6FC300F0E882 /* Info.plist */,
			);
			path = "UIViewFrame+ExtensionTests";
			sourceTree = "<group>";
		};
		DE5FECE01F4D6FC300F0E882 /* UIViewFrame+ExtensionUITests */ = {
			isa = PBXGroup;
			children = (
				DE5FECE11F4D6FC300F0E882 /* UIViewFrame_ExtensionUITests.m */,
				DE5FECE31F4D6FC300F0E882 /* Info.plist */,
			);
			path = "UIViewFrame+ExtensionUITests";
			sourceTree = "<group>";
		};
/* End PBXGroup section */

/* Begin PBXNativeTarget section */
		DE5FECB51F4D6FC200F0E882 /* UIViewFrame+Extension */ = {
			isa = PBXNativeTarget;
			buildConfigurationList = DE5FECE61F4D6FC300F0E882 /* Build configuration list for PBXNativeTarget "UIViewFrame+Extension" */;
			buildPhases = (
				DE5FECB21F4D6FC200F0E882 /* Sources */,
				DE5FECB31F4D6FC200F0E882 /* Frameworks */,
				DE5FECB41F4D6FC200F0E882 /* Resources */,
			);
			buildRules = (
			);
			dependencies = (
			);
			name = "UIViewFrame+Extension";
			productName = "UIViewFrame+Extension";
			productReference = DE5FECB61F4D6FC200F0E882 /* UIViewFrame+Extension.app */;
			productType = "com.apple.product-type.application";
		};
		DE5FECD11F4D6FC300F0E882 /* UIViewFrame+ExtensionTests */ = {
			isa = PBXNativeTarget;
			buildConfigurationList = DE5FECE91F4D6FC300F0E882 /* Build configuration list for PBXNativeTarget "UIViewFrame+ExtensionTests" */;
			buildPhases = (
				DE5FECCE1F4D6FC300F0E882 /* Sources */,
				DE5FECCF1F4D6FC300F0E882 /* Frameworks */,
				DE5FECD01F4D6FC300F0E882 /* Resources */,
			);
			buildRules = (
			);
			dependencies = (
				DE5FECD41F4D6FC300F0E882 /* PBXTargetDependency */,
			);
			name = "UIViewFrame+ExtensionTests";
			productName = "UIViewFrame+ExtensionTests";
			productReference = DE5FECD21F4D6FC300F0E882 /* UIViewFrame+ExtensionTests.xctest */;
			productType = "com.apple.product-type.bundle.unit-test";
		};
		DE5FECDC1F4D6FC300F0E882 /* UIViewFrame+ExtensionUITests */ = {
			isa = PBXNativeTarget;
			buildConfigurationList = DE5FECEC1F4D6FC300F0E882 /* Build configuration list for PBXNativeTarget "UIViewFrame+ExtensionUITests" */;
			buildPhases = (
				DE5FECD91F4D6FC300F0E882 /* Sources */,
				DE5FECDA1F4D6FC300F0E882 /* Frameworks */,
				DE5FECDB1F4D6FC300F0E882 /* Resources */,
			);
			buildRules = (
			);
			dependencies = (
				DE5FECDF1F4D6FC300F0E882 /* PBXTargetDependency */,
			);
			name = "UIViewFrame+ExtensionUITests";
			productName = "UIViewFrame+ExtensionUITests";
			productReference = DE5FECDD1F4D6FC300F0E882 /* UIViewFrame+ExtensionUITests.xctest */;
			productType = "com.apple.product-type.bundle.ui-testing";
		};
/* End PBXNativeTarget section */

/* Begin PBXProject section */
		DE5FECAE1F4D6FC200F0E882 /* Project object */ = {
			isa = PBXProject;
			attributes = {
				LastUpgradeCheck = 0830;
				ORGANIZATIONNAME = "洪绵卫";
				TargetAttributes = {
					DE5FECB51F4D6FC200F0E882 = {
						CreatedOnToolsVersion = 8.3.3;
						ProvisioningStyle = Automatic;
					};
					DE5FECD11F4D6FC300F0E882 = {
						CreatedOnToolsVersion = 8.3.3;
						ProvisioningStyle = Automatic;
						TestTargetID = DE5FECB51F4D6FC200F0E882;
					};
					DE5FECDC1F4D6FC300F0E882 = {
						CreatedOnToolsVersion = 8.3.3;
						ProvisioningStyle = Automatic;
						TestTargetID = DE5FECB51F4D6FC200F0E882;
					};
				};
			};
			buildConfigurationList = DE5FECB11F4D6FC200F0E882 /* Build configuration list for PBXProject "UIViewFrame+Extension" */;
			compatibilityVersion = "Xcode 3.2";
			developmentRegion = English;
			hasScannedForEncodings = 0;
			knownRegions = (
				en,
				Base,
			);
			mainGroup = DE5FECAD1F4D6FC200F0E882;
			productRefGroup = DE5FECB71F4D6FC200F0E882 /* Products */;
			projectDirPath = "";
			projectRoot = "";
			targets = (
				DE5FECB51F4D6FC200F0E882 /* UIViewFrame+Extension */,
				DE5FECD11F4D6FC300F0E882 /* UIViewFrame+ExtensionTests */,
				DE5FECDC1F4D6FC300F0E882 /* UIViewFrame+ExtensionUITests */,
			);
		};
/* End PBXProject section */

/* Begin PBXResourcesBuildPhase section */
		DE5FECB41F4D6FC200F0E882 /* Resources */ = {
			isa = PBXResourcesBuildPhase;
			buildActionMask = 2147483647;
			files = (
				DE5FECCC1F4D6FC200F0E882 /* LaunchScreen.storyboard in Resources */,
				DE5FECC91F4D6FC200F0E882 /* Assets.xcassets in Resources */,
				DE5FECC41F4D6FC200F0E882 /* Main.storyboard in Resources */,
			);
			runOnlyForDeploymentPostprocessing = 0;
		};
		DE5FECD01F4D6FC300F0E882 /* Resources */ = {
			isa = PBXResourcesBuildPhase;
			buildActionMask = 2147483647;
			files = (
			);
			runOnlyForDeploymentPostprocessing = 0;
		};
		DE5FECDB1F4D6FC300F0E882 /* Resources */ = {
			isa = PBXResourcesBuildPhase;
			buildActionMask = 2147483647;
			files = (
			);
			runOnlyForDeploymentPostprocessing = 0;
		};
/* End PBXResourcesBuildPhase section */

/* Begin PBXSourcesBuildPhase section */
		DE5FECB21F4D6FC200F0E882 /* Sources */ = {
			isa = PBXSourcesBuildPhase;
			buildActionMask = 2147483647;
			files = (
				DE5FECC11F4D6FC200F0E882 /* ViewController.m in Sources */,
				DE5FECBE1F4D6FC200F0E882 /* AppDelegate.m in Sources */,
				DE5FECC71F4D6FC200F0E882 /* UIViewFrame_Extension.xcdatamodeld in Sources */,
				DE5FECF11F4D701000F0E882 /* UIView+YRExtension.m in Sources */,
				DE5FECBB1F4D6FC200F0E882 /* main.m in Sources */,
			);
			runOnlyForDeploymentPostprocessing = 0;
		};
		DE5FECCE1F4D6FC300F0E882 /* Sources */ = {
			isa = PBXSourcesBuildPhase;
			buildActionMask = 2147483647;
			files = (
				DE5FECD71F4D6FC300F0E882 /* UIViewFrame_ExtensionTests.m in Sources */,
			);
			runOnlyForDeploymentPostprocessing = 0;
		};
		DE5FECD91F4D6FC300F0E882 /* Sources */ = {
			isa = PBXSourcesBuildPhase;
			buildActionMask = 2147483647;
			files = (
				DE5FECE21F4D6FC300F0E882 /* UIViewFrame_ExtensionUITests.m in Sources */,
			);
			runOnlyForDeploymentPostprocessing = 0;
		};
/* End PBXSourcesBuildPhase section */

/* Begin PBXTargetDependency section */
		DE5FECD41F4D6FC300F0E882 /* PBXTargetDependency */ = {
			isa = PBXTargetDependency;
			target = DE5FECB51F4D6FC200F0E882 /* UIViewFrame+Extension */;
			targetProxy = DE5FECD31F4D6FC300F0E882 /* PBXContainerItemProxy */;
		};
		DE5FECDF1F4D6FC300F0E882 /* PBXTargetDependency */ = {
			isa = PBXTargetDependency;
			target = DE5FECB51F4D6FC200F0E882 /* UIViewFrame+Extension */;
			targetProxy = DE5FECDE1F4D6FC300F0E882 /* PBXContainerItemProxy */;
		};
/* End PBXTargetDependency section */

/* Begin PBXVariantGroup section */
		DE5FECC21F4D6FC200F0E882 /* Main.storyboard */ = {
			isa = PBXVariantGroup;
			children = (
				DE5FECC31F4D6FC200F0E882 /* Base */,
			);
			name = Main.storyboard;
			sourceTree = "<group>";
		};
		DE5FECCA1F4D6FC200F0E882 /* LaunchScreen.storyboard */ = {
			isa = PBXVariantGroup;
			children = (
				DE5FECCB1F4D6FC200F0E882 /* Base */,
			);
			name = LaunchScreen.storyboard;
			sourceTree = "<group>";
		};
/* End PBXVariantGroup section */

/* Begin XCBuildConfiguration section */
		DE5FECE41F4D6FC300F0E882 /* Debug */ = {
			isa = XCBuildConfiguration;
			buildSettings = {
				ALWAYS_SEARCH_USER_PATHS = NO;
				CLANG_ANALYZER_NONNULL = YES;
				CLANG_ANALYZER_NUMBER_OBJECT_CONVERSION = YES_AGGRESSIVE;
				CLANG_CXX_LANGUAGE_STANDARD = "gnu++0x";
				CLANG_CXX_LIBRARY = "libc++";
				CLANG_ENABLE_MODULES = YES;
				CLANG_ENABLE_OBJC_ARC = YES;
				CLANG_WARN_BOOL_CONVERSION = YES;
				CLANG_WARN_CONSTANT_CONVERSION = YES;
				CLANG_WARN_DIRECT_OBJC_ISA_USAGE = YES_ERROR;
				CLANG_WARN_DOCUMENTATION_COMMENTS = YES;
				CLANG_WARN_EMPTY_BODY = YES;
				CLANG_WARN_ENUM_CONVERSION = YES;
				CLANG_WARN_INFINITE_RECURSION = YES;
				CLANG_WARN_INT_CONVERSION = YES;
				CLANG_WARN_OBJC_ROOT_CLASS = YES_ERROR;
				CLANG_WARN_SUSPICIOUS_MOVE = YES;
				CLANG_WARN_UNREACHABLE_CODE = YES;
				CLANG_WARN__DUPLICATE_METHOD_MATCH = YES;
				"CODE_SIGN_IDENTITY[sdk=iphoneos*]" = "iPhone Developer";
				COPY_PHASE_STRIP = NO;
				DEBUG_INFORMATION_FORMAT = dwarf;
				ENABLE_STRICT_OBJC_MSGSEND = YES;
				ENABLE_TESTABILITY = YES;
				GCC_C_LANGUAGE_STANDARD = gnu99;
				GCC_DYNAMIC_NO_PIC = NO;
				GCC_NO_COMMON_BLOCKS = YES;
				GCC_OPTIMIZATION_LEVEL = 0;
				GCC_PREPROCESSOR_DEFINITIONS = (
					"DEBUG=1",
					"$(inherited)",
				);
				GCC_WARN_64_TO_32_BIT_CONVERSION = YES;
				GCC_WARN_ABOUT_RETURN_TYPE = YES_ERROR;
				GCC_WARN_UNDECLARED_SELECTOR = YES;
				GCC_WARN_UNINITIALIZED_AUTOS = YES_AGGRESSIVE;
				GCC_WARN_UNUSED_FUNCTION = YES;
				GCC_WARN_UNUSED_VARIABLE = YES;
				IPHONEOS_DEPLOYMENT_TARGET = 10.3;
				MTL_ENABLE_DEBUG_INFO = YES;
				ONLY_ACTIVE_ARCH = YES;
				SDKROOT = iphoneos;
			};
			name = Debug;
		};
		DE5FECE51F4D6FC300F0E882 /* Release */ = {
			isa = XCBuildConfiguration;
			buildSettings = {
				ALWAYS_SEARCH_USER_PATHS = NO;
				CLANG_ANALYZER_NONNULL = YES;
				CLANG_ANALYZER_NUMBER_OBJECT_CONVERSION = YES_AGGRESSIVE;
				CLANG_CXX_LANGUAGE_STANDARD = "gnu++0x";
				CLANG_CXX_LIBRARY = "libc++";
				CLANG_ENABLE_MODULES = YES;
				CLANG_ENABLE_OBJC_ARC = YES;
				CLANG_WARN_BOOL_CONVERSION = YES;
				CLANG_WARN_CONSTANT_CONVERSION = YES;
				CLANG_WARN_DIRECT_OBJC_ISA_USAGE = YES_ERROR;
				CLANG_WARN_DOCUMENTATION_COMMENTS = YES;
				CLANG_WARN_EMPTY_BODY = YES;
				CLANG_WARN_ENUM_CONVERSION = YES;
				CLANG_WARN_INFINITE_RECURSION = YES;
				CLANG_WARN_INT_CONVERSION = YES;
				CLANG_WARN_OBJC_ROOT_CLASS = YES_ERROR;
				CLANG_WARN_SUSPICIOUS_MOVE = YES;
				CLANG_WARN_UNREACHABLE_CODE = YES;
				CLANG_WARN__DUPLICATE_METHOD_MATCH = YES;
				"CODE_SIGN_IDENTITY[sdk=iphoneos*]" = "iPhone Developer";
				COPY_PHASE_STRIP = NO;
				DEBUG_INFORMATION_FORMAT = "dwarf-with-dsym";
				ENABLE_NS_ASSERTIONS = NO;
				ENABLE_STRICT_OBJC_MSGSEND = YES;
				GCC_C_LANGUAGE_STANDARD = gnu99;
				GCC_NO_COMMON_BLOCKS = YES;
				GCC_WARN_64_TO_32_BIT_CONVERSION = YES;
				GCC_WARN_ABOUT_RETURN_TYPE = YES_ERROR;
				GCC_WARN_UNDECLARED_SELECTOR = YES;
				GCC_WARN_UNINITIALIZED_AUTOS = YES_AGGRESSIVE;
				GCC_WARN_UNUSED_FUNCTION = YES;
				GCC_WARN_UNUSED_VARIABLE = YES;
				IPHONEOS_DEPLOYMENT_TARGET = 10.3;
				MTL_ENABLE_DEBUG_INFO = NO;
				SDKROOT = iphoneos;
				VALIDATE_PRODUCT = YES;
			};
			name = Release;
		};
		DE5FECE71F4D6FC300F0E882 /* Debug */ = {
			isa = XCBuildConfiguration;
			buildSettings = {
				ASSETCATALOG_COMPILER_APPICON_NAME = AppIcon;
				INFOPLIST_FILE = "UIViewFrame+Extension/Info.plist";
				LD_RUNPATH_SEARCH_PATHS = "$(inherited) @executable_path/Frameworks";
				PRODUCT_BUNDLE_IDENTIFIER = "You-are-my-world.UIViewFrame-Extension";
				PRODUCT_NAME = "$(TARGET_NAME)";
			};
			name = Debug;
		};
		DE5FECE81F4D6FC300F0E882 /* Release */ = {
			isa = XCBuildConfiguration;
			buildSettings = {
				ASSETCATALOG_COMPILER_APPICON_NAME = AppIcon;
				INFOPLIST_FILE = "UIViewFrame+Extension/Info.plist";
				LD_RUNPATH_SEARCH_PATHS = "$(inherited) @executable_path/Frameworks";
				PRODUCT_BUNDLE_IDENTIFIER = "You-are-my-world.UIViewFrame-Extension";
				PRODUCT_NAME = "$(TARGET_NAME)";
			};
			name = Release;
		};
		DE5FECEA1F4D6FC300F0E882 /* Debug */ = {
			isa = XCBuildConfiguration;
			buildSettings = {
				BUNDLE_LOADER = "$(TEST_HOST)";
				INFOPLIST_FILE = "UIViewFrame+ExtensionTests/Info.plist";
				LD_RUNPATH_SEARCH_PATHS = "$(inherited) @executable_path/Frameworks @loader_path/Frameworks";
				PRODUCT_BUNDLE_IDENTIFIER = "You-are-my-world.UIViewFrame-ExtensionTests";
				PRODUCT_NAME = "$(TARGET_NAME)";
				TEST_HOST = "$(BUILT_PRODUCTS_DIR)/UIViewFrame+Extension.app/UIViewFrame+Extension";
			};
			name = Debug;
		};
		DE5FECEB1F4D6FC300F0E882 /* Release */ = {
			isa = XCBuildConfiguration;
			buildSettings = {
				BUNDLE_LOADER = "$(TEST_HOST)";
				INFOPLIST_FILE = "UIViewFrame+ExtensionTests/Info.plist";
				LD_RUNPATH_SEARCH_PATHS = "$(inherited) @executable_path/Frameworks @loader_path/Frameworks";
				PRODUCT_BUNDLE_IDENTIFIER = "You-are-my-world.UIViewFrame-ExtensionTests";
				PRODUCT_NAME = "$(TARGET_NAME)";
				TEST_HOST = "$(BUILT_PRODUCTS_DIR)/UIViewFrame+Extension.app/UIViewFrame+Extension";
			};
			name = Release;
		};
		DE5FECED1F4D6FC300F0E882 /* Debug */ = {
			isa = XCBuildConfiguration;
			buildSettings = {
				INFOPLIST_FILE = "UIViewFrame+ExtensionUITests/Info.plist";
				LD_RUNPATH_SEARCH_PATHS = "$(inherited) @executable_path/Frameworks @loader_path/Frameworks";
				PRODUCT_BUNDLE_IDENTIFIER = "You-are-my-world.UIViewFrame-ExtensionUITests";
				PRODUCT_NAME = "$(TARGET_NAME)";
				TEST_TARGET_NAME = "UIViewFrame+Extension";
			};
			name = Debug;
		};
		DE5FECEE1F4D6FC300F0E882 /* Release */ = {
			isa = XCBuildConfiguration;
			buildSettings = {
				INFOPLIST_FILE = "UIViewFrame+ExtensionUITests/Info.plist";
				LD_RUNPATH_SEARCH_PATHS = "$(inherited) @executable_path/Frameworks @loader_path/Frameworks";
				PRODUCT_BUNDLE_IDENTIFIER = "You-are-my-world.UIViewFrame-ExtensionUITests";
				PRODUCT_NAME = "$(TARGET_NAME)";
				TEST_TARGET_NAME = "UIViewFrame+Extension";
			};
			name = Release;
		};
/* End XCBuildConfiguration section */

/* Begin XCConfigurationList section */
		DE5FECB11F4D6FC200F0E882 /* Build configuration list for PBXProject "UIViewFrame+Extension" */ = {
			isa = XCConfigurationList;
			buildConfigurations = (
				DE5FECE41F4D6FC300F0E882 /* Debug */,
				DE5FECE51F4D6FC300F0E882 /* Release */,
			);
			defaultConfigurationIsVisible = 0;
			defaultConfigurationName = Release;
		};
		DE5FECE61F4D6FC300F0E882 /* Build configuration list for PBXNativeTarget "UIViewFrame+Extension" */ = {
			isa = XCConfigurationList;
			buildConfigurations = (
				DE5FECE71F4D6FC300F0E882 /* Debug */,
				DE5FECE81F4D6FC300F0E882 /* Release */,
			);
			defaultConfigurationIsVisible = 0;
		};
		DE5FECE91F4D6FC300F0E882 /* Build configuration list for PBXNativeTarget "UIViewFrame+ExtensionTests" */ = {
			isa = XCConfigurationList;
			buildConfigurations = (
				DE5FECEA1F4D6FC300F0E882 /* Debug */,
				DE5FECEB1F4D6FC300F0E882 /* Release */,
			);
			defaultConfigurationIsVisible = 0;
		};
		DE5FECEC1F4D6FC300F0E882 /* Build configuration list for PBXNativeTarget "UIViewFrame+ExtensionUITests" */ = {
			isa = XCConfigurationList;
			buildConfigurations = (
				DE5FECED1F4D6FC300F0E882 /* Debug */,
				DE5FECEE1F4D6FC300F0E882 /* Release */,
			);
			defaultConfigurationIsVisible = 0;
		};
/* End XCConfigurationList section */

/* Begin XCVersionGroup section */
		DE5FECC51F4D6FC200F0E882 /* UIViewFrame_Extension.xcdatamodeld */ = {
			isa = XCVersionGroup;
			children = (
				DE5FECC61F4D6FC200F0E882 /* UIViewFrame_Extension.xcdatamodel */,
			);
			currentVersion = DE5FECC61F4D6FC200F0E882 /* UIViewFrame_Extension.xcdatamodel */;
			path = UIViewFrame_Extension.xcdatamodeld;
			sourceTree = "<group>";
			versionGroupType = wrapper.xcdatamodel;
		};
/* End XCVersionGroup section */
	};
	rootObject = DE5FECAE1F4D6FC200F0E882 /* Project object */;
}
