// !$*UTF8*$!
{
	archiveVersion = 1;
	classes = {
	};
	objectVersion = 46;
	objects = {

/* Begin PBXBuildFile section */
		DE5FEC721F4D6B9200F0E882 /* main.m in Sources */ = {isa = PBXBuildFile; fileRef = DE5FEC711F4D6B9200F0E882 /* main.m */; };
		DE5FEC751F4D6B9200F0E882 /* AppDelegate.m in Sources */ = {isa = PBXBuildFile; fileRef = DE5FEC741F4D6B9200F0E882 /* AppDelegate.m */; };
		DE5FEC781F4D6B9200F0E882 /* ViewController.m in Sources */ = {isa = PBXBuildFile; fileRef = DE5FEC771F4D6B9200F0E882 /* ViewController.m */; };
		DE5FEC7B1F4D6B9200F0E882 /* Main.storyboard in Resources */ = {isa = PBXBuildFile; fileRef = DE5FEC791F4D6B9200F0E882 /* Main.storyboard */; };
		DE5FEC7E1F4D6B9200F0E882 /* YRHUD.xcdatamodeld in Sources */ = {isa = PBXBuildFile; fileRef = DE5FEC7C1F4D6B9200F0E882 /* YRHUD.xcdatamodeld */; };
		DE5FEC801F4D6B9200F0E882 /* Assets.xcassets in Resources */ = {isa = PBXBuildFile; fileRef = DE5FEC7F1F4D6B9200F0E882 /* Assets.xcassets */; };
		DE5FEC831F4D6B9200F0E882 /* LaunchScreen.storyboard in Resources */ = {isa = PBXBuildFile; fileRef = DE5FEC811F4D6B9200F0E882 /* LaunchScreen.storyboard */; };
		DE5FEC8E1F4D6B9200F0E882 /* YRHUDTests.m in Sources */ = {isa = PBXBuildFile; fileRef = DE5FEC8D1F4D6B9200F0E882 /* YRHUDTests.m */; };
		DE5FEC991F4D6B9200F0E882 /* YRHUDUITests.m in Sources */ = {isa = PBXBuildFile; fileRef = DE5FEC981F4D6B9200F0E882 /* YRHUDUITests.m */; };
		DE5FECAB1F4D6BDB00F0E882 /* YR_Animation.m in Sources */ = {isa = PBXBuildFile; fileRef = DE5FECA81F4D6BDB00F0E882 /* YR_Animation.m */; };
		DE5FECAC1F4D6BDB00F0E882 /* YR_HUD.m in Sources */ = {isa = PBXBuildFile; fileRef = DE5FECAA1F4D6BDB00F0E882 /* YR_HUD.m */; };
/* End PBXBuildFile section */

/* Begin PBXContainerItemProxy section */
		DE5FEC8A1F4D6B9200F0E882 /* PBXContainerItemProxy */ = {
			isa = PBXContainerItemProxy;
			containerPortal = DE5FEC651F4D6B9200F0E882 /* Project object */;
			proxyType = 1;
			remoteGlobalIDString = DE5FEC6C1F4D6B9200F0E882;
			remoteInfo = YRHUD;
		};
		DE5FEC951F4D6B9200F0E882 /* PBXContainerItemProxy */ = {
			isa = PBXContainerItemProxy;
			containerPortal = DE5FEC651F4D6B9200F0E882 /* Project object */;
			proxyType = 1;
			remoteGlobalIDString = DE5FEC6C1F4D6B9200F0E882;
			remoteInfo = YRHUD;
		};
/* End PBXContainerItemProxy section */

/* Begin PBXFileReference section */
		DE5FEC6D1F4D6B9200F0E882 /* YRHUD.app */ = {isa = PBXFileReference; explicitFileType = wrapper.application; includeInIndex = 0; path = YRHUD.app; sourceTree = BUILT_PRODUCTS_DIR; };
		DE5FEC711F4D6B9200F0E882 /* main.m */ = {isa = PBXFileReference; lastKnownFileType = sourcecode.c.objc; path = main.m; sourceTree = "<group>"; };
		DE5FEC731F4D6B9200F0E882 /* AppDelegate.h */ = {isa = PBXFileReference; lastKnownFileType = sourcecode.c.h; path = AppDelegate.h; sourceTree = "<group>"; };
		DE5FEC741F4D6B9200F0E882 /* AppDelegate.m */ = {isa = PBXFileReference; lastKnownFileType = sourcecode.c.objc; path = AppDelegate.m; sourceTree = "<group>"; };
		DE5FEC761F4D6B9200F0E882 /* ViewController.h */ = {isa = PBXFileReference; lastKnownFileType = sourcecode.c.h; path = ViewController.h; sourceTree = "<group>"; };
		DE5FEC771F4D6B9200F0E882 /* ViewController.m */ = {isa = PBXFileReference; lastKnownFileType = sourcecode.c.objc; path = ViewController.m; sourceTree = "<group>"; };
		DE5FEC7A1F4D6B9200F0E882 /* Base */ = {isa = PBXFileReference; lastKnownFileType = file.storyboard; name = Base; path = Base.lproj/Main.storyboard; sourceTree = "<group>"; };
		DE5FEC7D1F4D6B9200F0E882 /* YRHUD.xcdatamodel */ = {isa = PBXFileReference; lastKnownFileType = wrapper.xcdatamodel; path = YRHUD.xcdatamodel; sourceTree = "<group>"; };
		DE5FEC7F1F4D6B9200F0E882 /* Assets.xcassets */ = {isa = PBXFileReference; lastKnownFileType = folder.assetcatalog; path = Assets.xcassets; sourceTree = "<group>"; };
		DE5FEC821F4D6B9200F0E882 /* Base */ = {isa = PBXFileReference; lastKnownFileType = file.storyboard; name = Base; path = Base.lproj/LaunchScreen.storyboard; sourceTree = "<group>"; };
		DE5FEC841F4D6B9200F0E882 /* Info.plist */ = {isa = PBXFileReference; lastKnownFileType = text.plist.xml; path = Info.plist; sourceTree = "<group>"; };
		DE5FEC891F4D6B9200F0E882 /* YRHUDTests.xctest */ = {isa = PBXFileReference; explicitFileType = wrapper.cfbundle; includeInIndex = 0; path = YRHUDTests.xctest; sourceTree = BUILT_PRODUCTS_DIR; };
		DE5FEC8D1F4D6B9200F0E882 /* YRHUDTests.m */ = {isa = PBXFileReference; lastKnownFileType = sourcecode.c.objc; path = YRHUDTests.m; sourceTree = "<group>"; };
		DE5FEC8F1F4D6B9200F0E882 /* Info.plist */ = {isa = PBXFileReference; lastKnownFileType = text.plist.xml; path = Info.plist; sourceTree = "<group>"; };
		DE5FEC941F4D6B9200F0E882 /* YRHUDUITests.xctest */ = {isa = PBXFileReference; explicitFileType = wrapper.cfbundle; includeInIndex = 0; path = YRHUDUITests.xctest; sourceTree = BUILT_PRODUCTS_DIR; };
		DE5FEC981F4D6B9200F0E882 /* YRHUDUITests.m */ = {isa = PBXFileReference; lastKnownFileType = sourcecode.c.objc; path = YRHUDUITests.m; sourceTree = "<group>"; };
		DE5FEC9A1F4D6B9200F0E882 /* Info.plist */ = {isa = PBXFileReference; lastKnownFileType = text.plist.xml; path = Info.plist; sourceTree = "<group>"; };
		DE5FECA71F4D6BDB00F0E882 /* YR_Animation.h */ = {isa = PBXFileReference; fileEncoding = 4; lastKnownFileType = sourcecode.c.h; path = YR_Animation.h; sourceTree = "<group>"; };
		DE5FECA81F4D6BDB00F0E882 /* YR_Animation.m */ = {isa = PBXFileReference; fileEncoding = 4; lastKnownFileType = sourcecode.c.objc; path = YR_Animation.m; sourceTree = "<group>"; };
		DE5FECA91F4D6BDB00F0E882 /* YR_HUD.h */ = {isa = PBXFileReference; fileEncoding = 4; lastKnownFileType = sourcecode.c.h; path = YR_HUD.h; sourceTree = "<group>"; };
		DE5FECAA1F4D6BDB00F0E882 /* YR_HUD.m */ = {isa = PBXFileReference; fileEncoding = 4; lastKnownFileType = sourcecode.c.objc; path = YR_HUD.m; sourceTree = "<group>"; };
/* End PBXFileReference section */

/* Begin PBXFrameworksBuildPhase section */
		DE5FEC6A1F4D6B9200F0E882 /* Frameworks */ = {
			isa = PBXFrameworksBuildPhase;
			buildActionMask = 2147483647;
			files = (
			);
			runOnlyForDeploymentPostprocessing = 0;
		};
		DE5FEC861F4D6B9200F0E882 /* Frameworks */ = {
			isa = PBXFrameworksBuildPhase;
			buildActionMask = 2147483647;
			files = (
			);
			runOnlyForDeploymentPostprocessing = 0;
		};
		DE5FEC911F4D6B9200F0E882 /* Frameworks */ = {
			isa = PBXFrameworksBuildPhase;
			buildActionMask = 2147483647;
			files = (
			);
			runOnlyForDeploymentPostprocessing = 0;
		};
/* End PBXFrameworksBuildPhase section */

/* Begin PBXGroup section */
		DE5FEC641F4D6B9200F0E882 = {
			isa = PBXGroup;
			children = (
				DE5FEC6F1F4D6B9200F0E882 /* YRHUD */,
				DE5FEC8C1F4D6B9200F0E882 /* YRHUDTests */,
				DE5FEC971F4D6B9200F0E882 /* YRHUDUITests */,
				DE5FEC6E1F4D6B9200F0E882 /* Products */,
			);
			sourceTree = "<group>";
		};
		DE5FEC6E1F4D6B9200F0E882 /* Products */ = {
			isa = PBXGroup;
			children = (
				DE5FEC6D1F4D6B9200F0E882 /* YRHUD.app */,
				DE5FEC891F4D6B9200F0E882 /* YRHUDTests.xctest */,
				DE5FEC941F4D6B9200F0E882 /* YRHUDUITests.xctest */,
			);
			name = Products;
			sourceTree = "<group>";
		};
		DE5FEC6F1F4D6B9200F0E882 /* YRHUD */ = {
			isa = PBXGroup;
			children = (
				DE5FEC731F4D6B9200F0E882 /* AppDelegate.h */,
				DE5FEC741F4D6B9200F0E882 /* AppDelegate.m */,
				DE5FEC761F4D6B9200F0E882 /* ViewController.h */,
				DE5FEC771F4D6B9200F0E882 /* ViewController.m */,
				DE5FECA61F4D6BDB00F0E882 /* YR_HUD */,
				DE5FEC791F4D6B9200F0E882 /* Main.storyboard */,
				DE5FEC7F1F4D6B9200F0E882 /* Assets.xcassets */,
				DE5FEC811F4D6B9200F0E882 /* LaunchScreen.storyboard */,
				DE5FEC841F4D6B9200F0E882 /* Info.plist */,
				DE5FEC7C1F4D6B9200F0E882 /* YRHUD.xcdatamodeld */,
				DE5FEC701F4D6B9200F0E882 /* Supporting Files */,
			);
			path = YRHUD;
			sourceTree = "<group>";
		};
		DE5FEC701F4D6B9200F0E882 /* Supporting Files */ = {
			isa = PBXGroup;
			children = (
				DE5FEC711F4D6B9200F0E882 /* main.m */,
			);
			name = "Supporting Files";
			sourceTree = "<group>";
		};
		DE5FEC8C1F4D6B9200F0E882 /* YRHUDTests */ = {
			isa = PBXGroup;
			children = (
				DE5FEC8D1F4D6B9200F0E882 /* YRHUDTests.m */,
				DE5FEC8F1F4D6B9200F0E882 /* Info.plist */,
			);
			path = YRHUDTests;
			sourceTree = "<group>";
		};
		DE5FEC971F4D6B9200F0E882 /* YRHUDUITests */ = {
			isa = PBXGroup;
			children = (
				DE5FEC981F4D6B9200F0E882 /* YRHUDUITests.m */,
				DE5FEC9A1F4D6B9200F0E882 /* Info.plist */,
			);
			path = YRHUDUITests;
			sourceTree = "<group>";
		};
		DE5FECA61F4D6BDB00F0E882 /* YR_HUD */ = {
			isa = PBXGroup;
			children = (
				DE5FECA71F4D6BDB00F0E882 /* YR_Animation.h */,
				DE5FECA81F4D6BDB00F0E882 /* YR_Animation.m */,
				DE5FECA91F4D6BDB00F0E882 /* YR_HUD.h */,
				DE5FECAA1F4D6BDB00F0E882 /* YR_HUD.m */,
			);
			path = YR_HUD;
			sourceTree = "<group>";
		};
/* End PBXGroup section */

/* Begin PBXNativeTarget section */
		DE5FEC6C1F4D6B9200F0E882 /* YRHUD */ = {
			isa = PBXNativeTarget;
			buildConfigurationList = DE5FEC9D1F4D6B9200F0E882 /* Build configuration list for PBXNativeTarget "YRHUD" */;
			buildPhases = (
				DE5FEC691F4D6B9200F0E882 /* Sources */,
				DE5FEC6A1F4D6B9200F0E882 /* Frameworks */,
				DE5FEC6B1F4D6B9200F0E882 /* Resources */,
			);
			buildRules = (
			);
			dependencies = (
			);
			name = YRHUD;
			productName = YRHUD;
			productReference = DE5FEC6D1F4D6B9200F0E882 /* YRHUD.app */;
			productType = "com.apple.product-type.application";
		};
		DE5FEC881F4D6B9200F0E882 /* YRHUDTests */ = {
			isa = PBXNativeTarget;
			buildConfigurationList = DE5FECA01F4D6B9200F0E882 /* Build configuration list for PBXNativeTarget "YRHUDTests" */;
			buildPhases = (
				DE5FEC851F4D6B9200F0E882 /* Sources */,
				DE5FEC861F4D6B9200F0E882 /* Frameworks */,
				DE5FEC871F4D6B9200F0E882 /* Resources */,
			);
			buildRules = (
			);
			dependencies = (
				DE5FEC8B1F4D6B9200F0E882 /* PBXTargetDependency */,
			);
			name = YRHUDTests;
			productName = YRHUDTests;
			productReference = DE5FEC891F4D6B9200F0E882 /* YRHUDTests.xctest */;
			productType = "com.apple.product-type.bundle.unit-test";
		};
		DE5FEC931F4D6B9200F0E882 /* YRHUDUITests */ = {
			isa = PBXNativeTarget;
			buildConfigurationList = DE5FECA31F4D6B9200F0E882 /* Build configuration list for PBXNativeTarget "YRHUDUITests" */;
			buildPhases = (
				DE5FEC901F4D6B9200F0E882 /* Sources */,
				DE5FEC911F4D6B9200F0E882 /* Frameworks */,
				DE5FEC921F4D6B9200F0E882 /* Resources */,
			);
			buildRules = (
			);
			dependencies = (
				DE5FEC961F4D6B9200F0E882 /* PBXTargetDependency */,
			);
			name = YRHUDUITests;
			productName = YRHUDUITests;
			productReference = DE5FEC941F4D6B9200F0E882 /* YRHUDUITests.xctest */;
			productType = "com.apple.product-type.bundle.ui-testing";
		};
/* End PBXNativeTarget section */

/* Begin PBXProject section */
		DE5FEC651F4D6B9200F0E882 /* Project object */ = {
			isa = PBXProject;
			attributes = {
				LastUpgradeCheck = 0830;
				ORGANIZATIONNAME = "洪绵卫";
				TargetAttributes = {
					DE5FEC6C1F4D6B9200F0E882 = {
						CreatedOnToolsVersion = 8.3.3;
						ProvisioningStyle = Automatic;
					};
					DE5FEC881F4D6B9200F0E882 = {
						CreatedOnToolsVersion = 8.3.3;
						ProvisioningStyle = Automatic;
						TestTargetID = DE5FEC6C1F4D6B9200F0E882;
					};
					DE5FEC931F4D6B9200F0E882 = {
						CreatedOnToolsVersion = 8.3.3;
						ProvisioningStyle = Automatic;
						TestTargetID = DE5FEC6C1F4D6B9200F0E882;
					};
				};
			};
			buildConfigurationList = DE5FEC681F4D6B9200F0E882 /* Build configuration list for PBXProject "YRHUD" */;
			compatibilityVersion = "Xcode 3.2";
			developmentRegion = English;
			hasScannedForEncodings = 0;
			knownRegions = (
				en,
				Base,
			);
			mainGroup = DE5FEC641F4D6B9200F0E882;
			productRefGroup = DE5FEC6E1F4D6B9200F0E882 /* Products */;
			projectDirPath = "";
			projectRoot = "";
			targets = (
				DE5FEC6C1F4D6B9200F0E882 /* YRHUD */,
				DE5FEC881F4D6B9200F0E882 /* YRHUDTests */,
				DE5FEC931F4D6B9200F0E882 /* YRHUDUITests */,
			);
		};
/* End PBXProject section */

/* Begin PBXResourcesBuildPhase section */
		DE5FEC6B1F4D6B9200F0E882 /* Resources */ = {
			isa = PBXResourcesBuildPhase;
			buildActionMask = 2147483647;
			files = (
				DE5FEC831F4D6B9200F0E882 /* LaunchScreen.storyboard in Resources */,
				DE5FEC801F4D6B9200F0E882 /* Assets.xcassets in Resources */,
				DE5FEC7B1F4D6B9200F0E882 /* Main.storyboard in Resources */,
			);
			runOnlyForDeploymentPostprocessing = 0;
		};
		DE5FEC871F4D6B9200F0E882 /* Resources */ = {
			isa = PBXResourcesBuildPhase;
			buildActionMask = 2147483647;
			files = (
			);
			runOnlyForDeploymentPostprocessing = 0;
		};
		DE5FEC921F4D6B9200F0E882 /* Resources */ = {
			isa = PBXResourcesBuildPhase;
			buildActionMask = 2147483647;
			files = (
			);
			runOnlyForDeploymentPostprocessing = 0;
		};
/* End PBXResourcesBuildPhase section */

/* Begin PBXSourcesBuildPhase section */
		DE5FEC691F4D6B9200F0E882 /* Sources */ = {
			isa = PBXSourcesBuildPhase;
			buildActionMask = 2147483647;
			files = (
				DE5FEC781F4D6B9200F0E882 /* ViewController.m in Sources */,
				DE5FEC751F4D6B9200F0E882 /* AppDelegate.m in Sources */,
				DE5FECAB1F4D6BDB00F0E882 /* YR_Animation.m in Sources */,
				DE5FEC7E1F4D6B9200F0E882 /* YRHUD.xcdatamodeld in Sources */,
				DE5FECAC1F4D6BDB00F0E882 /* YR_HUD.m in Sources */,
				DE5FEC721F4D6B9200F0E882 /* main.m in Sources */,
			);
			runOnlyForDeploymentPostprocessing = 0;
		};
		DE5FEC851F4D6B9200F0E882 /* Sources */ = {
			isa = PBXSourcesBuildPhase;
			buildActionMask = 2147483647;
			files = (
				DE5FEC8E1F4D6B9200F0E882 /* YRHUDTests.m in Sources */,
			);
			runOnlyForDeploymentPostprocessing = 0;
		};
		DE5FEC901F4D6B9200F0E882 /* Sources */ = {
			isa = PBXSourcesBuildPhase;
			buildActionMask = 2147483647;
			files = (
				DE5FEC991F4D6B9200F0E882 /* YRHUDUITests.m in Sources */,
			);
			runOnlyForDeploymentPostprocessing = 0;
		};
/* End PBXSourcesBuildPhase section */

/* Begin PBXTargetDependency section */
		DE5FEC8B1F4D6B9200F0E882 /* PBXTargetDependency */ = {
			isa = PBXTargetDependency;
			target = DE5FEC6C1F4D6B9200F0E882 /* YRHUD */;
			targetProxy = DE5FEC8A1F4D6B9200F0E882 /* PBXContainerItemProxy */;
		};
		DE5FEC961F4D6B9200F0E882 /* PBXTargetDependency */ = {
			isa = PBXTargetDependency;
			target = DE5FEC6C1F4D6B9200F0E882 /* YRHUD */;
			targetProxy = DE5FEC951F4D6B9200F0E882 /* PBXContainerItemProxy */;
		};
/* End PBXTargetDependency section */

/* Begin PBXVariantGroup section */
		DE5FEC791F4D6B9200F0E882 /* Main.storyboard */ = {
			isa = PBXVariantGroup;
			children = (
				DE5FEC7A1F4D6B9200F0E882 /* Base */,
			);
			name = Main.storyboard;
			sourceTree = "<group>";
		};
		DE5FEC811F4D6B9200F0E882 /* LaunchScreen.storyboard */ = {
			isa = PBXVariantGroup;
			children = (
				DE5FEC821F4D6B9200F0E882 /* Base */,
			);
			name = LaunchScreen.storyboard;
			sourceTree = "<group>";
		};
/* End PBXVariantGroup section */

/* Begin XCBuildConfiguration section */
		DE5FEC9B1F4D6B9200F0E882 /* Debug */ = {
			isa = XCBuildConfiguration;
			buildSettings = {
				ALWAYS_SEARCH_USER_PATHS = NO;
				CLANG_ANALYZER_NONNULL = YES;
				CLANG_ANALYZER_NUMBER_OBJECT_CONVERSION = YES_AGGRESSIVE;
				CLANG_CXX_LANGUAGE_STANDARD = "gnu++0x";
				CLANG_CXX_LIBRARY = "libc++";
				CLANG_ENABLE_MODULES = YES;
				CLANG_ENABLE_OBJC_ARC = YES;
				CLANG_WARN_BOOL_CONVERSION = YES;
				CLANG_WARN_CONSTANT_CONVERSION = YES;
				CLANG_WARN_DIRECT_OBJC_ISA_USAGE = YES_ERROR;
				CLANG_WARN_DOCUMENTATION_COMMENTS = YES;
				CLANG_WARN_EMPTY_BODY = YES;
				CLANG_WARN_ENUM_CONVERSION = YES;
				CLANG_WARN_INFINITE_RECURSION = YES;
				CLANG_WARN_INT_CONVERSION = YES;
				CLANG_WARN_OBJC_ROOT_CLASS = YES_ERROR;
				CLANG_WARN_SUSPICIOUS_MOVE = YES;
				CLANG_WARN_UNREACHABLE_CODE = YES;
				CLANG_WARN__DUPLICATE_METHOD_MATCH = YES;
				"CODE_SIGN_IDENTITY[sdk=iphoneos*]" = "iPhone Developer";
				COPY_PHASE_STRIP = NO;
				DEBUG_INFORMATION_FORMAT = dwarf;
				ENABLE_STRICT_OBJC_MSGSEND = YES;
				ENABLE_TESTABILITY = YES;
				GCC_C_LANGUAGE_STANDARD = gnu99;
				GCC_DYNAMIC_NO_PIC = NO;
				GCC_NO_COMMON_BLOCKS = YES;
				GCC_OPTIMIZATION_LEVEL = 0;
				GCC_PREPROCESSOR_DEFINITIONS = (
					"DEBUG=1",
					"$(inherited)",
				);
				GCC_WARN_64_TO_32_BIT_CONVERSION = YES;
				GCC_WARN_ABOUT_RETURN_TYPE = YES_ERROR;
				GCC_WARN_UNDECLARED_SELECTOR = YES;
				GCC_WARN_UNINITIALIZED_AUTOS = YES_AGGRESSIVE;
				GCC_WARN_UNUSED_FUNCTION = YES;
				GCC_WARN_UNUSED_VARIABLE = YES;
				IPHONEOS_DEPLOYMENT_TARGET = 10.3;
				MTL_ENABLE_DEBUG_INFO = YES;
				ONLY_ACTIVE_ARCH = YES;
				SDKROOT = iphoneos;
			};
			name = Debug;
		};
		DE5FEC9C1F4D6B9200F0E882 /* Release */ = {
			isa = XCBuildConfiguration;
			buildSettings = {
				ALWAYS_SEARCH_USER_PATHS = NO;
				CLANG_ANALYZER_NONNULL = YES;
				CLANG_ANALYZER_NUMBER_OBJECT_CONVERSION = YES_AGGRESSIVE;
				CLANG_CXX_LANGUAGE_STANDARD = "gnu++0x";
				CLANG_CXX_LIBRARY = "libc++";
				CLANG_ENABLE_MODULES = YES;
				CLANG_ENABLE_OBJC_ARC = YES;
				CLANG_WARN_BOOL_CONVERSION = YES;
				CLANG_WARN_CONSTANT_CONVERSION = YES;
				CLANG_WARN_DIRECT_OBJC_ISA_USAGE = YES_ERROR;
				CLANG_WARN_DOCUMENTATION_COMMENTS = YES;
				CLANG_WARN_EMPTY_BODY = YES;
				CLANG_WARN_ENUM_CONVERSION = YES;
				CLANG_WARN_INFINITE_RECURSION = YES;
				CLANG_WARN_INT_CONVERSION = YES;
				CLANG_WARN_OBJC_ROOT_CLASS = YES_ERROR;
				CLANG_WARN_SUSPICIOUS_MOVE = YES;
				CLANG_WARN_UNREACHABLE_CODE = YES;
				CLANG_WARN__DUPLICATE_METHOD_MATCH = YES;
				"CODE_SIGN_IDENTITY[sdk=iphoneos*]" = "iPhone Developer";
				COPY_PHASE_STRIP = NO;
				DEBUG_INFORMATION_FORMAT = "dwarf-with-dsym";
				ENABLE_NS_ASSERTIONS = NO;
				ENABLE_STRICT_OBJC_MSGSEND = YES;
				GCC_C_LANGUAGE_STANDARD = gnu99;
				GCC_NO_COMMON_BLOCKS = YES;
				GCC_WARN_64_TO_32_BIT_CONVERSION = YES;
				GCC_WARN_ABOUT_RETURN_TYPE = YES_ERROR;
				GCC_WARN_UNDECLARED_SELECTOR = YES;
				GCC_WARN_UNINITIALIZED_AUTOS = YES_AGGRESSIVE;
				GCC_WARN_UNUSED_FUNCTION = YES;
				GCC_WARN_UNUSED_VARIABLE = YES;
				IPHONEOS_DEPLOYMENT_TARGET = 10.3;
				MTL_ENABLE_DEBUG_INFO = NO;
				SDKROOT = iphoneos;
				VALIDATE_PRODUCT = YES;
			};
			name = Release;
		};
		DE5FEC9E1F4D6B9200F0E882 /* Debug */ = {
			isa = XCBuildConfiguration;
			buildSettings = {
				ASSETCATALOG_COMPILER_APPICON_NAME = AppIcon;
				INFOPLIST_FILE = YRHUD/Info.plist;
				LD_RUNPATH_SEARCH_PATHS = "$(inherited) @executable_path/Frameworks";
				PRODUCT_BUNDLE_IDENTIFIER = "You-are-my-world.YRHUD";
				PRODUCT_NAME = "$(TARGET_NAME)";
			};
			name = Debug;
		};
		DE5FEC9F1F4D6B9200F0E882 /* Release */ = {
			isa = XCBuildConfiguration;
			buildSettings = {
				ASSETCATALOG_COMPILER_APPICON_NAME = AppIcon;
				INFOPLIST_FILE = YRHUD/Info.plist;
				LD_RUNPATH_SEARCH_PATHS = "$(inherited) @executable_path/Frameworks";
				PRODUCT_BUNDLE_IDENTIFIER = "You-are-my-world.YRHUD";
				PRODUCT_NAME = "$(TARGET_NAME)";
			};
			name = Release;
		};
		DE5FECA11F4D6B9200F0E882 /* Debug */ = {
			isa = XCBuildConfiguration;
			buildSettings = {
				BUNDLE_LOADER = "$(TEST_HOST)";
				INFOPLIST_FILE = YRHUDTests/Info.plist;
				LD_RUNPATH_SEARCH_PATHS = "$(inherited) @executable_path/Frameworks @loader_path/Frameworks";
				PRODUCT_BUNDLE_IDENTIFIER = "You-are-my-world.YRHUDTests";
				PRODUCT_NAME = "$(TARGET_NAME)";
				TEST_HOST = "$(BUILT_PRODUCTS_DIR)/YRHUD.app/YRHUD";
			};
			name = Debug;
		};
		DE5FECA21F4D6B9200F0E882 /* Release */ = {
			isa = XCBuildConfiguration;
			buildSettings = {
				BUNDLE_LOADER = "$(TEST_HOST)";
				INFOPLIST_FILE = YRHUDTests/Info.plist;
				LD_RUNPATH_SEARCH_PATHS = "$(inherited) @executable_path/Frameworks @loader_path/Frameworks";
				PRODUCT_BUNDLE_IDENTIFIER = "You-are-my-world.YRHUDTests";
				PRODUCT_NAME = "$(TARGET_NAME)";
				TEST_HOST = "$(BUILT_PRODUCTS_DIR)/YRHUD.app/YRHUD";
			};
			name = Release;
		};
		DE5FECA41F4D6B9200F0E882 /* Debug */ = {
			isa = XCBuildConfiguration;
			buildSettings = {
				INFOPLIST_FILE = YRHUDUITests/Info.plist;
				LD_RUNPATH_SEARCH_PATHS = "$(inherited) @executable_path/Frameworks @loader_path/Frameworks";
				PRODUCT_BUNDLE_IDENTIFIER = "You-are-my-world.YRHUDUITests";
				PRODUCT_NAME = "$(TARGET_NAME)";
				TEST_TARGET_NAME = YRHUD;
			};
			name = Debug;
		};
		DE5FECA51F4D6B9200F0E882 /* Release */ = {
			isa = XCBuildConfiguration;
			buildSettings = {
				INFOPLIST_FILE = YRHUDUITests/Info.plist;
				LD_RUNPATH_SEARCH_PATHS = "$(inherited) @executable_path/Frameworks @loader_path/Frameworks";
				PRODUCT_BUNDLE_IDENTIFIER = "You-are-my-world.YRHUDUITests";
				PRODUCT_NAME = "$(TARGET_NAME)";
				TEST_TARGET_NAME = YRHUD;
			};
			name = Release;
		};
/* End XCBuildConfiguration section */

/* Begin XCConfigurationList section */
		DE5FEC681F4D6B9200F0E882 /* Build configuration list for PBXProject "YRHUD" */ = {
			isa = XCConfigurationList;
			buildConfigurations = (
				DE5FEC9B1F4D6B9200F0E882 /* Debug */,
				DE5FEC9C1F4D6B9200F0E882 /* Release */,
			);
			defaultConfigurationIsVisible = 0;
			defaultConfigurationName = Release;
		};
		DE5FEC9D1F4D6B9200F0E882 /* Build configuration list for PBXNativeTarget "YRHUD" */ = {
			isa = XCConfigurationList;
			buildConfigurations = (
				DE5FEC9E1F4D6B9200F0E882 /* Debug */,
				DE5FEC9F1F4D6B9200F0E882 /* Release */,
			);
			defaultConfigurationIsVisible = 0;
			defaultConfigurationName = Release;
		};
		DE5FECA01F4D6B9200F0E882 /* Build configuration list for PBXNativeTarget "YRHUDTests" */ = {
			isa = XCConfigurationList;
			buildConfigurations = (
				DE5FECA11F4D6B9200F0E882 /* Debug */,
				DE5FECA21F4D6B9200F0E882 /* Release */,
			);
			defaultConfigurationIsVisible = 0;
			defaultConfigurationName = Release;
		};
		DE5FECA31F4D6B9200F0E882 /* Build configuration list for PBXNativeTarget "YRHUDUITests" */ = {
			isa = XCConfigurationList;
			buildConfigurations = (
				DE5FECA41F4D6B9200F0E882 /* Debug */,
				DE5FECA51F4D6B9200F0E882 /* Release */,
			);
			defaultConfigurationIsVisible = 0;
			defaultConfigurationName = Release;
		};
/* End XCConfigurationList section */

/* Begin XCVersionGroup section */
		DE5FEC7C1F4D6B9200F0E882 /* YRHUD.xcdatamodeld */ = {
			isa = XCVersionGroup;
			children = (
				DE5FEC7D1F4D6B9200F0E882 /* YRHUD.xcdatamodel */,
			);
			currentVersion = DE5FEC7D1F4D6B9200F0E882 /* YRHUD.xcdatamodel */;
			path = YRHUD.xcdatamodeld;
			sourceTree = "<group>";
			versionGroupType = wrapper.xcdatamodel;
		};
/* End XCVersionGroup section */
	};
	rootObject = DE5FEC651F4D6B9200F0E882 /* Project object */;
}
